
Microsoft Visual Studio Solution File, Format Version 12.00
# Visual Studio Version 17
VisualStudioVersion = 17.14.36414.22
MinimumVisualStudioVersion = 10.0.40219.1
Project("{2150E333-8FDC-42A3-9474-1A3956D46DE8}") = "Task0", "Task0", "{02EA681E-C7D8-13C7-8484-4AC65E1B71E8}"
EndProject
Project("{FAE04EC0-301F-11D3-BF4B-00C04F79EFBC}") = "Tyuiu.KomkovAA.Sprint1.Task0.V26", "Tyuiu.KomkovAA.Sprint1.Task0.V26\Tyuiu.KomkovAA.Sprint1.Task0.V26.csproj", "{63FC74EB-7685-4347-B8E1-A7D94C548C69}"
EndProject
Project("{FAE04EC0-301F-11D3-BF4B-00C04F79EFBC}") = "Tyuiu.KomkovAA.Sprint1.Task0.V26.Test", "Tyuiu.KomkovAA.Sprint1.Task0.V26.Test\Tyuiu.KomkovAA.Sprint1.Task0.V26.Test.csproj", "{730B1073-6422-46E4-A15D-8F83CF5F35F0}"
EndProject
Project("{FAE04EC0-301F-11D3-BF4B-00C04F79EFBC}") = "Tyuiu.KomkovAA.Sprint1.Task0.V26.Lib", "Tyuiu.KomkovAA.Sprint1.Task0.V26.Lib\Tyuiu.KomkovAA.Sprint1.Task0.V26.Lib.csproj", "{F4239E3A-DF69-4D3D-959B-A406E94B8B84}"
EndProject
Project("{2150E333-8FDC-42A3-9474-1A3956D46DE8}") = "Task1", "Task1", "{2BE25B82-1019-411E-B428-E3757EF176EB}"
EndProject
Project("{FAE04EC0-301F-11D3-BF4B-00C04F79EFBC}") = "Tyuiu.KomkovAA.Sprint1.Task1.V16", "Tyuiu.KomkovAA.Sprint1.Task1.V16\Tyuiu.KomkovAA.Sprint1.Task1.V16.csproj", "{073CE1BA-0957-4E95-9844-A9FFF4B47F65}"
EndProject
Project("{FAE04EC0-301F-11D3-BF4B-00C04F79EFBC}") = "Tyuiu.KomkovAA.Sprint1.Task1.V16.Lib", "Tyuiu.KomkovAA.Sprint1.Task1.V16.Lib\Tyuiu.KomkovAA.Sprint1.Task1.V16.Lib.csproj", "{3D0C35EC-BB47-488E-9321-3D4D34D5FB73}"
EndProject
Project("{FAE04EC0-301F-11D3-BF4B-00C04F79EFBC}") = "Tyuiu.KomkovAA.Sprint1.Task1.V16.Test", "Tyuiu.KomkovAA.Sprint1.Task1.V16.Test\Tyuiu.KomkovAA.Sprint1.Task1.V16.Test.csproj", "{66C9F81F-7921-4948-891F-B3335349B0A0}"
EndProject
Project("{2150E333-8FDC-42A3-9474-1A3956D46DE8}") = "Task2", "Task2", "{3E8645E2-47A2-4793-A9E0-B63DF4854B6D}"
EndProject
Project("{FAE04EC0-301F-11D3-BF4B-00C04F79EFBC}") = "Tyuiu.KomkovAA.Sprint1.Task2.V27", "Tyuiu.KomkovAA.Sprint1.Task2.V27\Tyuiu.KomkovAA.Sprint1.Task2.V27.csproj", "{43030952-1A3D-4BE0-9E87-AA6D38FF6DC9}"
EndProject
Project("{FAE04EC0-301F-11D3-BF4B-00C04F79EFBC}") = "Tyuiu.KomkovAA.Sprint1.Task2.V27.Lib", "Tyuiu.KomkovAA.Sprint1.Task2.V27.Lib\Tyuiu.KomkovAA.Sprint1.Task2.V27.Lib.csproj", "{9B8F26A8-C2A8-49B8-BADE-11B8C19A0E73}"
EndProject
Project("{FAE04EC0-301F-11D3-BF4B-00C04F79EFBC}") = "Tyuiu.KomkovAA.Sprint1.Task2.V27.Test", "Tyuiu.KomkovAA.Sprint1.Task2.V27.Test\Tyuiu.KomkovAA.Sprint1.Task2.V27.Test.csproj", "{FD6BEEF9-21FA-4D1D-9DD6-9F7B83F40F21}"
EndProject
Global
	GlobalSection(SolutionConfigurationPlatforms) = preSolution
		Debug|Any CPU = Debug|Any CPU
		Release|Any CPU = Release|Any CPU
	EndGlobalSection
	GlobalSection(ProjectConfigurationPlatforms) = postSolution
		{63FC74EB-7685-4347-B8E1-A7D94C548C69}.Debug|Any CPU.ActiveCfg = Debug|Any CPU
		{63FC74EB-7685-4347-B8E1-A7D94C548C69}.Debug|Any CPU.Build.0 = Debug|Any CPU
		{63FC74EB-7685-4347-B8E1-A7D94C548C69}.Release|Any CPU.ActiveCfg = Release|Any CPU
		{63FC74EB-7685-4347-B8E1-A7D94C548C69}.Release|Any CPU.Build.0 = Release|Any CPU
		{730B1073-6422-46E4-A15D-8F83CF5F35F0}.Debug|Any CPU.ActiveCfg = Debug|Any CPU
		{730B1073-6422-46E4-A15D-8F83CF5F35F0}.Debug|Any CPU.Build.0 = Debug|Any CPU
		{730B1073-6422-46E4-A15D-8F83CF5F35F0}.Release|Any CPU.ActiveCfg = Release|Any CPU
		{730B1073-6422-46E4-A15D-8F83CF5F35F0}.Release|Any CPU.Build.0 = Release|Any CPU
		{F4239E3A-DF69-4D3D-959B-A406E94B8B84}.Debug|Any CPU.ActiveCfg = Debug|Any CPU
		{F4239E3A-DF69-4D3D-959B-A406E94B8B84}.Debug|Any CPU.Build.0 = Debug|Any CPU
		{F4239E3A-DF69-4D3D-959B-A406E94B8B84}.Release|Any CPU.ActiveCfg = Release|Any CPU
		{F4239E3A-DF69-4D3D-959B-A406E94B8B84}.Release|Any CPU.Build.0 = Release|Any CPU
		{073CE1BA-0957-4E95-9844-A9FFF4B47F65}.Debug|Any CPU.ActiveCfg = Debug|Any CPU
		{073CE1BA-0957-4E95-9844-A9FFF4B47F65}.Debug|Any CPU.Build.0 = Debug|Any CPU
		{073CE1BA-0957-4E95-9844-A9FFF4B47F65}.Release|Any CPU.ActiveCfg = Release|Any CPU
		{073CE1BA-0957-4E95-9844-A9FFF4B47F65}.Release|Any CPU.Build.0 = Release|Any CPU
		{3D0C35EC-BB47-488E-9321-3D4D34D5FB73}.Debug|Any CPU.ActiveCfg = Debug|Any CPU
		{3D0C35EC-BB47-488E-9321-3D4D34D5FB73}.Debug|Any CPU.Build.0 = Debug|Any CPU
		{3D0C35EC-BB47-488E-9321-3D4D34D5FB73}.Release|Any CPU.ActiveCfg = Release|Any CPU
		{3D0C35EC-BB47-488E-9321-3D4D34D5FB73}.Release|Any CPU.Build.0 = Release|Any CPU
		{66C9F81F-7921-4948-891F-B3335349B0A0}.Debug|Any CPU.ActiveCfg = Debug|Any CPU
		{66C9F81F-7921-4948-891F-B3335349B0A0}.Debug|Any CPU.Build.0 = Debug|Any CPU
		{66C9F81F-7921-4948-891F-B3335349B0A0}.Release|Any CPU.ActiveCfg = Release|Any CPU
		{66C9F81F-7921-4948-891F-B3335349B0A0}.Release|Any CPU.Build.0 = Release|Any CPU
		{43030952-1A3D-4BE0-9E87-AA6D38FF6DC9}.Debug|Any CPU.ActiveCfg = Debug|Any CPU
		{43030952-1A3D-4BE0-9E87-AA6D38FF6DC9}.Debug|Any CPU.Build.0 = Debug|Any CPU
		{43030952-1A3D-4BE0-9E87-AA6D38FF6DC9}.Release|Any CPU.ActiveCfg = Release|Any CPU
		{43030952-1A3D-4BE0-9E87-AA6D38FF6DC9}.Release|Any CPU.Build.0 = Release|Any CPU
		{9B8F26A8-C2A8-49B8-BADE-11B8C19A0E73}.Debug|Any CPU.ActiveCfg = Debug|Any CPU
		{9B8F26A8-C2A8-49B8-BADE-11B8C19A0E73}.Debug|Any CPU.Build.0 = Debug|Any CPU
		{9B8F26A8-C2A8-49B8-BADE-11B8C19A0E73}.Release|Any CPU.ActiveCfg = Release|Any CPU
		{9B8F26A8-C2A8-49B8-BADE-11B8C19A0E73}.Release|Any CPU.Build.0 = Release|Any CPU
		{FD6BEEF9-21FA-4D1D-9DD6-9F7B83F40F21}.Debug|Any CPU.ActiveCfg = Debug|Any CPU
		{FD6BEEF9-21FA-4D1D-9DD6-9F7B83F40F21}.Debug|Any CPU.Build.0 = Debug|Any CPU
		{FD6BEEF9-21FA-4D1D-9DD6-9F7B83F40F21}.Release|Any CPU.ActiveCfg = Release|Any CPU
		{FD6BEEF9-21FA-4D1D-9DD6-9F7B83F40F21}.Release|Any CPU.Build.0 = Release|Any CPU
	EndGlobalSection
	GlobalSection(SolutionProperties) = preSolution
		HideSolutionNode = FALSE
	EndGlobalSection
	GlobalSection(NestedProjects) = preSolution
		{63FC74EB-7685-4347-B8E1-A7D94C548C69} = {02EA681E-C7D8-13C7-8484-4AC65E1B71E8}
		{730B1073-6422-46E4-A15D-8F83CF5F35F0} = {02EA681E-C7D8-13C7-8484-4AC65E1B71E8}
		{F4239E3A-DF69-4D3D-959B-A406E94B8B84} = {02EA681E-C7D8-13C7-8484-4AC65E1B71E8}
		{073CE1BA-0957-4E95-9844-A9FFF4B47F65} = {2BE25B82-1019-411E-B428-E3757EF176EB}
		{3D0C35EC-BB47-488E-9321-3D4D34D5FB73} = {2BE25B82-1019-411E-B428-E3757EF176EB}
		{66C9F81F-7921-4948-891F-B3335349B0A0} = {2BE25B82-1019-411E-B428-E3757EF176EB}
		{43030952-1A3D-4BE0-9E87-AA6D38FF6DC9} = {3E8645E2-47A2-4793-A9E0-B63DF4854B6D}
		{9B8F26A8-C2A8-49B8-BADE-11B8C19A0E73} = {3E8645E2-47A2-4793-A9E0-B63DF4854B6D}
		{FD6BEEF9-21FA-4D1D-9DD6-9F7B83F40F21} = {3E8645E2-47A2-4793-A9E0-B63DF4854B6D}
	EndGlobalSection
	GlobalSection(ExtensibilityGlobals) = postSolution
		SolutionGuid = {9875139A-B470-4EEE-A2F8-40EF89D65F4D}
	EndGlobalSection
EndGlobal
