
Microsoft Visual Studio Solution File, Format Version 12.00
# Visual Studio Version 17
VisualStudioVersion = 17.14.36414.22
MinimumVisualStudioVersion = 10.0.40219.1
Project("{2150E333-8FDC-42A3-9474-1A3956D46DE8}") = "Task0", "Task0", "{02EA681E-C7D8-13C7-8484-4AC65E1B71E8}"
EndProject
Project("{FAE04EC0-301F-11D3-BF4B-00C04F79EFBC}") = "Tyuiu.KomkovAA.Sprint1.Task0.V26", "Tyuiu.KomkovAA.Sprint1.Task0.V26\Tyuiu.KomkovAA.Sprint1.Task0.V26.csproj", "{63FC74EB-7685-4347-B8E1-A7D94C548C69}"
EndProject
Project("{FAE04EC0-301F-11D3-BF4B-00C04F79EFBC}") = "Tyuiu.KomkovAA.Sprint1.Task0.V26.Test", "Tyuiu.KomkovAA.Sprint1.Task0.V26.Test\Tyuiu.KomkovAA.Sprint1.Task0.V26.Test.csproj", "{730B1073-6422-46E4-A15D-8F83CF5F35F0}"
EndProject
Project("{FAE04EC0-301F-11D3-BF4B-00C04F79EFBC}") = "Tyuiu.KomkovAA.Sprint1.Task0.V26.Lib", "Tyuiu.KomkovAA.Sprint1.Task0.V26.Lib\Tyuiu.KomkovAA.Sprint1.Task0.V26.Lib.csproj", "{F4239E3A-DF69-4D3D-959B-A406E94B8B84}"
EndProject
Project("{2150E333-8FDC-42A3-9474-1A3956D46DE8}") = "Task1", "Task1", "{2BE25B82-1019-411E-B428-E3757EF176EB}"
EndProject
Project("{FAE04EC0-301F-11D3-BF4B-00C04F79EFBC}") = "Tyuiu.KomkovAA.Sprint1.Task1.V16", "Tyuiu.KomkovAA.Sprint1.Task1.V16\Tyuiu.KomkovAA.Sprint1.Task1.V16.csproj", "{073CE1BA-0957-4E95-9844-A9FFF4B47F65}"
EndProject
Project("{FAE04EC0-301F-11D3-BF4B-00C04F79EFBC}") = "Tyuiu.KomkovAA.Sprint1.Task1.V16.Lib", "Tyuiu.KomkovAA.Sprint1.Task1.V16.Lib\Tyuiu.KomkovAA.Sprint1.Task1.V16.Lib.csproj", "{3D0C35EC-BB47-488E-9321-3D4D34D5FB73}"
EndProject
Project("{FAE04EC0-301F-11D3-BF4B-00C04F79EFBC}") = "Tyuiu.KomkovAA.Sprint1.Task1.V16.Test", "Tyuiu.KomkovAA.Sprint1.Task1.V16.Test\Tyuiu.KomkovAA.Sprint1.Task1.V16.Test.csproj", "{66C9F81F-7921-4948-891F-B3335349B0A0}"
EndProject
Project("{2150E333-8FDC-42A3-9474-1A3956D46DE8}") = "Task2", "Task2", "{3E8645E2-47A2-4793-A9E0-B63DF4854B6D}"
EndProject
Project("{FAE04EC0-301F-11D3-BF4B-00C04F79EFBC}") = "Tyuiu.KomkovAA.Sprint1.Task2.V27", "Tyuiu.KomkovAA.Sprint1.Task2.V27\Tyuiu.KomkovAA.Sprint1.Task2.V27.csproj", "{43030952-1A3D-4BE0-9E87-AA6D38FF6DC9}"
EndProject
Project("{FAE04EC0-301F-11D3-BF4B-00C04F79EFBC}") = "Tyuiu.KomkovAA.Sprint1.Task2.V27.Lib", "Tyuiu.KomkovAA.Sprint1.Task2.V27.Lib\Tyuiu.KomkovAA.Sprint1.Task2.V27.Lib.csproj", "{9B8F26A8-C2A8-49B8-BADE-11B8C19A0E73}"
EndProject
Project("{FAE04EC0-301F-11D3-BF4B-00C04F79EFBC}") = "Tyuiu.KomkovAA.Sprint1.Task2.V27.Test", "Tyuiu.KomkovAA.Sprint1.Task2.V27.Test\Tyuiu.KomkovAA.Sprint1.Task2.V27.Test.csproj", "{FD6BEEF9-21FA-4D1D-9DD6-9F7B83F40F21}"
EndProject
Project("{2150E333-8FDC-42A3-9474-1A3956D46DE8}") = "Task3", "Task3", "{32375B04-240A-49B9-BD80-96A7BBF3351E}"
EndProject
Project("{FAE04EC0-301F-11D3-BF4B-00C04F79EFBC}") = "Tyuiu.KomkovAA.Sprint1.Task3.V13", "Tyuiu.KomkovAA.Sprint1.Task3.V13\Tyuiu.KomkovAA.Sprint1.Task3.V13.csproj", "{17A6F873-1425-4D9F-9244-60C64F7E9ADE}"
EndProject
Project("{FAE04EC0-301F-11D3-BF4B-00C04F79EFBC}") = "Tyuiu.KomkovAA.Sprint1.Task3.V13.Lib", "Tyuiu.KomkovAA.Sprint1.Task3.V13.Lib\Tyuiu.KomkovAA.Sprint1.Task3.V13.Lib.csproj", "{521A1A81-4791-4105-8160-5B52E94DDB1C}"
EndProject
Project("{FAE04EC0-301F-11D3-BF4B-00C04F79EFBC}") = "Tyuiu.KomkovAA.Sprint1.Task3.V13.Test", "Tyuiu.KomkovAA.Sprint1.Task3.V13.Test\Tyuiu.KomkovAA.Sprint1.Task3.V13.Test.csproj", "{73776241-6C5C-4BDC-9AE9-8670C25F5E23}"
EndProject
Project("{2150E333-8FDC-42A3-9474-1A3956D46DE8}") = "Task4", "Task4", "{84834E30-34D3-4EF7-892E-98FD2E2709F5}"
EndProject
Project("{FAE04EC0-301F-11D3-BF4B-00C04F79EFBC}") = "Tyuiu.KomkovAA.Sprint1.Task4.V22", "Tyuiu.KomkovAA.Sprint1.Task4.V22\Tyuiu.KomkovAA.Sprint1.Task4.V22.csproj", "{DD55D14C-0C93-4112-B2ED-C3F53FBE3679}"
EndProject
Project("{FAE04EC0-301F-11D3-BF4B-00C04F79EFBC}") = "Tyuiu.KomkovAA.Sprint1.Task4.V22.Lib", "Tyuiu.KomkovAA.Sprint1.Task4.V22.Lib\Tyuiu.KomkovAA.Sprint1.Task4.V22.Lib.csproj", "{A0E1BC68-6072-4FAF-A59F-A96B90E68DEF}"
EndProject
Project("{FAE04EC0-301F-11D3-BF4B-00C04F79EFBC}") = "Tyuiu.KomkovAA.Sprint1.Task4.V22.Test", "Tyuiu.KomkovAA.Sprint1.Task4.V22.Test\Tyuiu.KomkovAA.Sprint1.Task4.V22.Test.csproj", "{DDAB7550-D4E3-43FB-A34E-2D91648AB63C}"
EndProject
Project("{2150E333-8FDC-42A3-9474-1A3956D46DE8}") = "Task5", "Task5", "{479A0DD6-42DC-4798-9A87-18F13C2C1A17}"
EndProject
Project("{FAE04EC0-301F-11D3-BF4B-00C04F79EFBC}") = "Tyuiu.KomkovAA.Sprint1.Task5.V7", "Tyuiu.KomkovAA.Sprint1.Task5.V7\Tyuiu.KomkovAA.Sprint1.Task5.V7.csproj", "{1F067275-6B91-41DD-AF96-575F65353DCB}"
EndProject
Project("{FAE04EC0-301F-11D3-BF4B-00C04F79EFBC}") = "Tyuiu.KomkovAA.Sprint1.Task5.V7.Lib", "Tyuiu.KomkovAA.Sprint1.Task5.V7.Lib\Tyuiu.KomkovAA.Sprint1.Task5.V7.Lib.csproj", "{0F7779B5-76F4-4CC0-8303-2255913A8624}"
EndProject
Project("{FAE04EC0-301F-11D3-BF4B-00C04F79EFBC}") = "Tyuiu.KomkovAA.Sprint1.Task5.V7.Test", "Tyuiu.KomkovAA.Sprint1.Task5.V7.Test\Tyuiu.KomkovAA.Sprint1.Task5.V7.Test.csproj", "{D018FEF8-F172-4599-B4D4-A7B646330C42}"
EndProject
Project("{2150E333-8FDC-42A3-9474-1A3956D46DE8}") = "Task6", "Task6", "{57D24422-3799-498B-9C20-0EA2840DC747}"
EndProject
Project("{FAE04EC0-301F-11D3-BF4B-00C04F79EFBC}") = "Tyuiu.KomkovAA.Sprint1.Task6.V3", "Tyuiu.KomkovAA.Sprint1.Task6.V3\Tyuiu.KomkovAA.Sprint1.Task6.V3.csproj", "{E729D919-C316-4219-BB3C-A6BE1ADA043D}"
EndProject
Project("{FAE04EC0-301F-11D3-BF4B-00C04F79EFBC}") = "Tyuiu.KomkovAA.Sprint1.Task6.V3.Lib", "Tyuiu.KomkovAA.Sprint1.Task6.V3.Lib\Tyuiu.KomkovAA.Sprint1.Task6.V3.Lib.csproj", "{EA32EBF2-3665-459A-8A3B-398B088E6D1A}"
EndProject
Project("{FAE04EC0-301F-11D3-BF4B-00C04F79EFBC}") = "Tyuiu.KomkovAA.Sprint1.Task6.V3.Test", "Tyuiu.KomkovAA.Sprint1.Task6.V3.Test\Tyuiu.KomkovAA.Sprint1.Task6.V3.Test.csproj", "{CCEE3537-A19C-4BA1-BC3D-DD9F4BF599CB}"
EndProject
Global
	GlobalSection(SolutionConfigurationPlatforms) = preSolution
		Debug|Any CPU = Debug|Any CPU
		Release|Any CPU = Release|Any CPU
	EndGlobalSection
	GlobalSection(ProjectConfigurationPlatforms) = postSolution
		{63FC74EB-7685-4347-B8E1-A7D94C548C69}.Debug|Any CPU.ActiveCfg = Debug|Any CPU
		{63FC74EB-7685-4347-B8E1-A7D94C548C69}.Debug|Any CPU.Build.0 = Debug|Any CPU
		{63FC74EB-7685-4347-B8E1-A7D94C548C69}.Release|Any CPU.ActiveCfg = Release|Any CPU
		{63FC74EB-7685-4347-B8E1-A7D94C548C69}.Release|Any CPU.Build.0 = Release|Any CPU
		{730B1073-6422-46E4-A15D-8F83CF5F35F0}.Debug|Any CPU.ActiveCfg = Debug|Any CPU
		{730B1073-6422-46E4-A15D-8F83CF5F35F0}.Debug|Any CPU.Build.0 = Debug|Any CPU
		{730B1073-6422-46E4-A15D-8F83CF5F35F0}.Release|Any CPU.ActiveCfg = Release|Any CPU
		{730B1073-6422-46E4-A15D-8F83CF5F35F0}.Release|Any CPU.Build.0 = Release|Any CPU
		{F4239E3A-DF69-4D3D-959B-A406E94B8B84}.Debug|Any CPU.ActiveCfg = Debug|Any CPU
		{F4239E3A-DF69-4D3D-959B-A406E94B8B84}.Debug|Any CPU.Build.0 = Debug|Any CPU
		{F4239E3A-DF69-4D3D-959B-A406E94B8B84}.Release|Any CPU.ActiveCfg = Release|Any CPU
		{F4239E3A-DF69-4D3D-959B-A406E94B8B84}.Release|Any CPU.Build.0 = Release|Any CPU
		{073CE1BA-0957-4E95-9844-A9FFF4B47F65}.Debug|Any CPU.ActiveCfg = Debug|Any CPU
		{073CE1BA-0957-4E95-9844-A9FFF4B47F65}.Debug|Any CPU.Build.0 = Debug|Any CPU
		{073CE1BA-0957-4E95-9844-A9FFF4B47F65}.Release|Any CPU.ActiveCfg = Release|Any CPU
		{073CE1BA-0957-4E95-9844-A9FFF4B47F65}.Release|Any CPU.Build.0 = Release|Any CPU
		{3D0C35EC-BB47-488E-9321-3D4D34D5FB73}.Debug|Any CPU.ActiveCfg = Debug|Any CPU
		{3D0C35EC-BB47-488E-9321-3D4D34D5FB73}.Debug|Any CPU.Build.0 = Debug|Any CPU
		{3D0C35EC-BB47-488E-9321-3D4D34D5FB73}.Release|Any CPU.ActiveCfg = Release|Any CPU
		{3D0C35EC-BB47-488E-9321-3D4D34D5FB73}.Release|Any CPU.Build.0 = Release|Any CPU
		{66C9F81F-7921-4948-891F-B3335349B0A0}.Debug|Any CPU.ActiveCfg = Debug|Any CPU
		{66C9F81F-7921-4948-891F-B3335349B0A0}.Debug|Any CPU.Build.0 = Debug|Any CPU
		{66C9F81F-7921-4948-891F-B3335349B0A0}.Release|Any CPU.ActiveCfg = Release|Any CPU
		{66C9F81F-7921-4948-891F-B3335349B0A0}.Release|Any CPU.Build.0 = Release|Any CPU
		{43030952-1A3D-4BE0-9E87-AA6D38FF6DC9}.Debug|Any CPU.ActiveCfg = Debug|Any CPU
		{43030952-1A3D-4BE0-9E87-AA6D38FF6DC9}.Debug|Any CPU.Build.0 = Debug|Any CPU
		{43030952-1A3D-4BE0-9E87-AA6D38FF6DC9}.Release|Any CPU.ActiveCfg = Release|Any CPU
		{43030952-1A3D-4BE0-9E87-AA6D38FF6DC9}.Release|Any CPU.Build.0 = Release|Any CPU
		{9B8F26A8-C2A8-49B8-BADE-11B8C19A0E73}.Debug|Any CPU.ActiveCfg = Debug|Any CPU
		{9B8F26A8-C2A8-49B8-BADE-11B8C19A0E73}.Debug|Any CPU.Build.0 = Debug|Any CPU
		{9B8F26A8-C2A8-49B8-BADE-11B8C19A0E73}.Release|Any CPU.ActiveCfg = Release|Any CPU
		{9B8F26A8-C2A8-49B8-BADE-11B8C19A0E73}.Release|Any CPU.Build.0 = Release|Any CPU
		{FD6BEEF9-21FA-4D1D-9DD6-9F7B83F40F21}.Debug|Any CPU.ActiveCfg = Debug|Any CPU
		{FD6BEEF9-21FA-4D1D-9DD6-9F7B83F40F21}.Debug|Any CPU.Build.0 = Debug|Any CPU
		{FD6BEEF9-21FA-4D1D-9DD6-9F7B83F40F21}.Release|Any CPU.ActiveCfg = Release|Any CPU
		{FD6BEEF9-21FA-4D1D-9DD6-9F7B83F40F21}.Release|Any CPU.Build.0 = Release|Any CPU
		{17A6F873-1425-4D9F-9244-60C64F7E9ADE}.Debug|Any CPU.ActiveCfg = Debug|Any CPU
		{17A6F873-1425-4D9F-9244-60C64F7E9ADE}.Debug|Any CPU.Build.0 = Debug|Any CPU
		{17A6F873-1425-4D9F-9244-60C64F7E9ADE}.Release|Any CPU.ActiveCfg = Release|Any CPU
		{17A6F873-1425-4D9F-9244-60C64F7E9ADE}.Release|Any CPU.Build.0 = Release|Any CPU
		{521A1A81-4791-4105-8160-5B52E94DDB1C}.Debug|Any CPU.ActiveCfg = Debug|Any CPU
		{521A1A81-4791-4105-8160-5B52E94DDB1C}.Debug|Any CPU.Build.0 = Debug|Any CPU
		{521A1A81-4791-4105-8160-5B52E94DDB1C}.Release|Any CPU.ActiveCfg = Release|Any CPU
		{521A1A81-4791-4105-8160-5B52E94DDB1C}.Release|Any CPU.Build.0 = Release|Any CPU
		{73776241-6C5C-4BDC-9AE9-8670C25F5E23}.Debug|Any CPU.ActiveCfg = Debug|Any CPU
		{73776241-6C5C-4BDC-9AE9-8670C25F5E23}.Debug|Any CPU.Build.0 = Debug|Any CPU
		{73776241-6C5C-4BDC-9AE9-8670C25F5E23}.Release|Any CPU.ActiveCfg = Release|Any CPU
		{73776241-6C5C-4BDC-9AE9-8670C25F5E23}.Release|Any CPU.Build.0 = Release|Any CPU
		{DD55D14C-0C93-4112-B2ED-C3F53FBE3679}.Debug|Any CPU.ActiveCfg = Debug|Any CPU
		{DD55D14C-0C93-4112-B2ED-C3F53FBE3679}.Debug|Any CPU.Build.0 = Debug|Any CPU
		{DD55D14C-0C93-4112-B2ED-C3F53FBE3679}.Release|Any CPU.ActiveCfg = Release|Any CPU
		{DD55D14C-0C93-4112-B2ED-C3F53FBE3679}.Release|Any CPU.Build.0 = Release|Any CPU
		{A0E1BC68-6072-4FAF-A59F-A96B90E68DEF}.Debug|Any CPU.ActiveCfg = Debug|Any CPU
		{A0E1BC68-6072-4FAF-A59F-A96B90E68DEF}.Debug|Any CPU.Build.0 = Debug|Any CPU
		{A0E1BC68-6072-4FAF-A59F-A96B90E68DEF}.Release|Any CPU.ActiveCfg = Release|Any CPU
		{A0E1BC68-6072-4FAF-A59F-A96B90E68DEF}.Release|Any CPU.Build.0 = Release|Any CPU
		{DDAB7550-D4E3-43FB-A34E-2D91648AB63C}.Debug|Any CPU.ActiveCfg = Debug|Any CPU
		{DDAB7550-D4E3-43FB-A34E-2D91648AB63C}.Debug|Any CPU.Build.0 = Debug|Any CPU
		{DDAB7550-D4E3-43FB-A34E-2D91648AB63C}.Release|Any CPU.ActiveCfg = Release|Any CPU
		{DDAB7550-D4E3-43FB-A34E-2D91648AB63C}.Release|Any CPU.Build.0 = Release|Any CPU
		{1F067275-6B91-41DD-AF96-575F65353DCB}.Debug|Any CPU.ActiveCfg = Debug|Any CPU
		{1F067275-6B91-41DD-AF96-575F65353DCB}.Debug|Any CPU.Build.0 = Debug|Any CPU
		{1F067275-6B91-41DD-AF96-575F65353DCB}.Release|Any CPU.ActiveCfg = Release|Any CPU
		{1F067275-6B91-41DD-AF96-575F65353DCB}.Release|Any CPU.Build.0 = Release|Any CPU
		{0F7779B5-76F4-4CC0-8303-2255913A8624}.Debug|Any CPU.ActiveCfg = Debug|Any CPU
		{0F7779B5-76F4-4CC0-8303-2255913A8624}.Debug|Any CPU.Build.0 = Debug|Any CPU
		{0F7779B5-76F4-4CC0-8303-2255913A8624}.Release|Any CPU.ActiveCfg = Release|Any CPU
		{0F7779B5-76F4-4CC0-8303-2255913A8624}.Release|Any CPU.Build.0 = Release|Any CPU
		{D018FEF8-F172-4599-B4D4-A7B646330C42}.Debug|Any CPU.ActiveCfg = Debug|Any CPU
		{D018FEF8-F172-4599-B4D4-A7B646330C42}.Debug|Any CPU.Build.0 = Debug|Any CPU
		{D018FEF8-F172-4599-B4D4-A7B646330C42}.Release|Any CPU.ActiveCfg = Release|Any CPU
		{D018FEF8-F172-4599-B4D4-A7B646330C42}.Release|Any CPU.Build.0 = Release|Any CPU
		{E729D919-C316-4219-BB3C-A6BE1ADA043D}.Debug|Any CPU.ActiveCfg = Debug|Any CPU
		{E729D919-C316-4219-BB3C-A6BE1ADA043D}.Debug|Any CPU.Build.0 = Debug|Any CPU
		{E729D919-C316-4219-BB3C-A6BE1ADA043D}.Release|Any CPU.ActiveCfg = Release|Any CPU
		{E729D919-C316-4219-BB3C-A6BE1ADA043D}.Release|Any CPU.Build.0 = Release|Any CPU
		{EA32EBF2-3665-459A-8A3B-398B088E6D1A}.Debug|Any CPU.ActiveCfg = Debug|Any CPU
		{EA32EBF2-3665-459A-8A3B-398B088E6D1A}.Debug|Any CPU.Build.0 = Debug|Any CPU
		{EA32EBF2-3665-459A-8A3B-398B088E6D1A}.Release|Any CPU.ActiveCfg = Release|Any CPU
		{EA32EBF2-3665-459A-8A3B-398B088E6D1A}.Release|Any CPU.Build.0 = Release|Any CPU
		{CCEE3537-A19C-4BA1-BC3D-DD9F4BF599CB}.Debug|Any CPU.ActiveCfg = Debug|Any CPU
		{CCEE3537-A19C-4BA1-BC3D-DD9F4BF599CB}.Debug|Any CPU.Build.0 = Debug|Any CPU
		{CCEE3537-A19C-4BA1-BC3D-DD9F4BF599CB}.Release|Any CPU.ActiveCfg = Release|Any CPU
		{CCEE3537-A19C-4BA1-BC3D-DD9F4BF599CB}.Release|Any CPU.Build.0 = Release|Any CPU
	EndGlobalSection
	GlobalSection(SolutionProperties) = preSolution
		HideSolutionNode = FALSE
	EndGlobalSection
	GlobalSection(NestedProjects) = preSolution
		{63FC74EB-7685-4347-B8E1-A7D94C548C69} = {02EA681E-C7D8-13C7-8484-4AC65E1B71E8}
		{730B1073-6422-46E4-A15D-8F83CF5F35F0} = {02EA681E-C7D8-13C7-8484-4AC65E1B71E8}
		{F4239E3A-DF69-4D3D-959B-A406E94B8B84} = {02EA681E-C7D8-13C7-8484-4AC65E1B71E8}
		{073CE1BA-0957-4E95-9844-A9FFF4B47F65} = {2BE25B82-1019-411E-B428-E3757EF176EB}
		{3D0C35EC-BB47-488E-9321-3D4D34D5FB73} = {2BE25B82-1019-411E-B428-E3757EF176EB}
		{66C9F81F-7921-4948-891F-B3335349B0A0} = {2BE25B82-1019-411E-B428-E3757EF176EB}
		{43030952-1A3D-4BE0-9E87-AA6D38FF6DC9} = {3E8645E2-47A2-4793-A9E0-B63DF4854B6D}
		{9B8F26A8-C2A8-49B8-BADE-11B8C19A0E73} = {3E8645E2-47A2-4793-A9E0-B63DF4854B6D}
		{FD6BEEF9-21FA-4D1D-9DD6-9F7B83F40F21} = {3E8645E2-47A2-4793-A9E0-B63DF4854B6D}
		{17A6F873-1425-4D9F-9244-60C64F7E9ADE} = {32375B04-240A-49B9-BD80-96A7BBF3351E}
		{521A1A81-4791-4105-8160-5B52E94DDB1C} = {32375B04-240A-49B9-BD80-96A7BBF3351E}
		{73776241-6C5C-4BDC-9AE9-8670C25F5E23} = {32375B04-240A-49B9-BD80-96A7BBF3351E}
		{DD55D14C-0C93-4112-B2ED-C3F53FBE3679} = {84834E30-34D3-4EF7-892E-98FD2E2709F5}
		{A0E1BC68-6072-4FAF-A59F-A96B90E68DEF} = {84834E30-34D3-4EF7-892E-98FD2E2709F5}
		{DDAB7550-D4E3-43FB-A34E-2D91648AB63C} = {84834E30-34D3-4EF7-892E-98FD2E2709F5}
		{1F067275-6B91-41DD-AF96-575F65353DCB} = {479A0DD6-42DC-4798-9A87-18F13C2C1A17}
		{0F7779B5-76F4-4CC0-8303-2255913A8624} = {479A0DD6-42DC-4798-9A87-18F13C2C1A17}
		{D018FEF8-F172-4599-B4D4-A7B646330C42} = {479A0DD6-42DC-4798-9A87-18F13C2C1A17}
		{E729D919-C316-4219-BB3C-A6BE1ADA043D} = {57D24422-3799-498B-9C20-0EA2840DC747}
		{EA32EBF2-3665-459A-8A3B-398B088E6D1A} = {57D24422-3799-498B-9C20-0EA2840DC747}
		{CCEE3537-A19C-4BA1-BC3D-DD9F4BF599CB} = {57D24422-3799-498B-9C20-0EA2840DC747}
	EndGlobalSection
	GlobalSection(ExtensibilityGlobals) = postSolution
		SolutionGuid = {9875139A-B470-4EEE-A2F8-40EF89D65F4D}
	EndGlobalSection
EndGlobal
